{
    "name": "@arcanist-ui/setup-utils",
    "version": "0.0.1",
    "lockfileVersion": 2,
    "requires": true,
    "packages": {
        "": {
            "name": "@arcanist-ui/setup-utils",
            "version": "0.0.1",
            "license": "UNLICENSED",
            "devDependencies": {
                "@arcanist-ui/formatter": "^0.0.1"
            }
        },
        "node_modules/@arcanist-ui/formatter": {
            "version": "0.0.1",
            "resolved": "https://registry.npmjs.org/@arcanist-ui/formatter/-/formatter-0.0.1.tgz",
            "integrity": "sha512-GA8teX3mmiorAtcfYiEwhVZ1Xpi5HXffezWeb06nD6vM0IWKchFE+TO/WNJXHAsaAoTbpNuFIPeW/oWelvtQiQ==",
            "dev": true,
            "hasInstallScript": true,
            "dependencies": {
                "@arcanist-ui/setup-utils": "^0.0.1"
            }
        },
        "node_modules/@arcanist-ui/setup-utils": {
            "version": "0.0.1",
            "resolved": "https://registry.npmjs.org/@arcanist-ui/setup-utils/-/setup-utils-0.0.1.tgz",
            "integrity": "sha512-UXUHy2lMvy3Z2jBuw1KklBlK0lApHsLRCF2ghjcxA5UDBqxEkNdYiQVy0wFY6Wib4h/d1Eys6WKq3bOdQqILnA==",
            "dev": true
        }
    },
    "dependencies": {
        "@arcanist-ui/formatter": {
            "version": "0.0.1",
            "resolved": "https://registry.npmjs.org/@arcanist-ui/formatter/-/formatter-0.0.1.tgz",
            "integrity": "sha512-GA8teX3mmiorAtcfYiEwhVZ1Xpi5HXffezWeb06nD6vM0IWKchFE+TO/WNJXHAsaAoTbpNuFIPeW/oWelvtQiQ==",
            "dev": true,
            "requires": {
                "@arcanist-ui/setup-utils": "^0.0.1"
            }
        },
        "@arcanist-ui/setup-utils": {
            "version": "0.0.1",
            "resolved": "https://registry.npmjs.org/@arcanist-ui/setup-utils/-/setup-utils-0.0.1.tgz",
            "integrity": "sha512-UXUHy2lMvy3Z2jBuw1KklBlK0lApHsLRCF2ghjcxA5UDBqxEkNdYiQVy0wFY6Wib4h/d1Eys6WKq3bOdQqILnA==",
            "dev": true
        }
    }
}
