{
    "name": "@arcanist-ui/setup-utils",
    "version": "0.0.3",
    "lockfileVersion": 2,
    "requires": true,
    "packages": {
        "": {
            "name": "@arcanist-ui/setup-utils",
            "version": "0.0.3",
            "license": "UNLICENSED",
            "devDependencies": {
                "@arcanist-ui/formatter": "^0.0.3"
            }
        },
        "node_modules/@arcanist-ui/formatter": {
            "version": "0.0.3",
            "resolved": "https://registry.npmjs.org/@arcanist-ui/formatter/-/formatter-0.0.3.tgz",
            "integrity": "sha512-ylFL0DY7ZjfutaCQ1PhjNsC+h4Xtwg9hRwKgv8p6qZkmf0hvKIIYl/9BBNF45gd9eQFFmuoOOGqJM6MprukZ0A==",
            "dev": true,
            "hasInstallScript": true,
            "dependencies": {
                "@arcanist-ui/setup-utils": "^0.0.3"
            }
        },
        "node_modules/@arcanist-ui/setup-utils": {
            "version": "0.0.3",
            "resolved": "https://registry.npmjs.org/@arcanist-ui/setup-utils/-/setup-utils-0.0.3.tgz",
            "integrity": "sha512-ftpG1Lkqqw6ngYnvrSKeCjE0umdOLpc2//HZvNy2vAgVgrVLyhH8W2Rwqq4sfw9e8qBTzDLs0MfH/CZx2mw8zw==",
            "dev": true
        }
    },
    "dependencies": {
        "@arcanist-ui/formatter": {
            "version": "0.0.3",
            "resolved": "https://registry.npmjs.org/@arcanist-ui/formatter/-/formatter-0.0.3.tgz",
            "integrity": "sha512-ylFL0DY7ZjfutaCQ1PhjNsC+h4Xtwg9hRwKgv8p6qZkmf0hvKIIYl/9BBNF45gd9eQFFmuoOOGqJM6MprukZ0A==",
            "dev": true,
            "requires": {
                "@arcanist-ui/setup-utils": "^0.0.3"
            }
        },
        "@arcanist-ui/setup-utils": {
            "version": "0.0.3",
            "resolved": "https://registry.npmjs.org/@arcanist-ui/setup-utils/-/setup-utils-0.0.3.tgz",
            "integrity": "sha512-ftpG1Lkqqw6ngYnvrSKeCjE0umdOLpc2//HZvNy2vAgVgrVLyhH8W2Rwqq4sfw9e8qBTzDLs0MfH/CZx2mw8zw==",
            "dev": true
        }
    }
}
